
Microsoft Visual Studio Solution File, Format Version 12.00
# Visual Studio Version 16
VisualStudioVersion = 16.0.31205.134
MinimumVisualStudioVersion = 10.0.40219.1
Project("{FAE04EC0-301F-11D3-BF4B-00C04F79EFBC}") = "RemindBot", "RemindBot\RemindBot.csproj", "{60581647-3BD2-4AAB-941D-A354E153E6A1}"
EndProject
Global
	GlobalSection(SolutionConfigurationPlatforms) = preSolution
		Debug|Any CPU = Debug|Any CPU
		Release|Any CPU = Release|Any CPU
	EndGlobalSection
	GlobalSection(ProjectConfigurationPlatforms) = postSolution
		{60581647-3BD2-4AAB-941D-A354E153E6A1}.Debug|Any CPU.ActiveCfg = Debug|Any CPU
		{60581647-3BD2-4AAB-941D-A354E153E6A1}.Debug|Any CPU.Build.0 = Debug|Any CPU
		{60581647-3BD2-4AAB-941D-A354E153E6A1}.Release|Any CPU.ActiveCfg = Release|Any CPU
		{60581647-3BD2-4AAB-941D-A354E153E6A1}.Release|Any CPU.Build.0 = Release|Any CPU
	EndGlobalSection
	GlobalSection(SolutionProperties) = preSolution
		HideSolutionNode = FALSE
	EndGlobalSection
	GlobalSection(ExtensibilityGlobals) = postSolution
		SolutionGuid = {3641A058-CD7F-4555-8E40-87B3C8ECF18E}
	EndGlobalSection
EndGlobal
